<?xml version="1.0" encoding="utf-8"?>
<Project ToolsVersion="4.0" xmlns="http://schemas.microsoft.com/developer/msbuild/2003">
  <ItemGroup>
    <Filter Include="Source Files">
      <UniqueIdentifier>{4FC737F1-C7A5-4376-A066-2A32D752A2FF}</UniqueIdentifier>
      <Extensions>cpp;c;cc;cxx;def;odl;idl;hpj;bat;asm;asmx</Extensions>
    </Filter>
    <Filter Include="Header Files">
      <UniqueIdentifier>{93995380-89BD-4b04-88EB-625FBE52EBFB}</UniqueIdentifier>
      <Extensions>h;hh;hpp;hxx;hm;inl;inc;xsd</Extensions>
    </Filter>
    <Filter Include="Resource Files">
      <UniqueIdentifier>{67DA6AB6-F800-4c08-8B7A-83BB121AAD01}</UniqueIdentifier>
      <Extensions>rc;ico;cur;bmp;dlg;rc2;rct;bin;rgs;gif;jpg;jpeg;jpe;resx;tiff;tif;png;wav;mfcribbon-ms</Extensions>
    </Filter>
  </ItemGroup>
  <ItemGroup>
    <ClCompile Include="main.cpp">
      <Filter>Source Files</Filter>
    </ClCompile>
    <ClCompile Include="sinputhandler.cpp">
      <Filter>Source Files</Filter>
    </ClCompile>
    <ClCompile Include="gstates\gstate.cpp">
      <Filter>Source Files</Filter>
    </ClCompile>
    <ClCompile Include="gstates\gsplay.cpp">
      <Filter>Source Files</Filter>
    </ClCompile>
    <ClCompile Include="resources\audioresource.cpp">
      <Filter>Source Files</Filter>
    </ClCompile>
    <ClCompile Include="resources\dataresource.cpp">
      <Filter>Source Files</Filter>
    </ClCompile>
    <ClCompile Include="resources\resource.cpp">
      <Filter>Source Files</Filter>
    </ClCompile>
    <ClCompile Include="resources\sresmanager.cpp">
      <Filter>Source Files</Filter>
    </ClCompile>
    <ClCompile Include="resources\textureresource.cpp">
      <Filter>Source Files</Filter>
    </ClCompile>
  </ItemGroup>
  <ItemGroup>
    <ClInclude Include="mydef.h">
      <Filter>Header Files</Filter>
    </ClInclude>
    <ClInclude Include="portcommon.h">
      <Filter>Header Files</Filter>
    </ClInclude>
    <ClInclude Include="sinputhandler.h">
      <Filter>Header Files</Filter>
    </ClInclude>
    <ClInclude Include="gstates\gstate.h">
      <Filter>Header Files</Filter>
    </ClInclude>
    <ClInclude Include="gstates\gsplay.h">
      <Filter>Header Files</Filter>
    </ClInclude>
    <ClInclude Include="resources\audioresource.h">
      <Filter>Header Files</Filter>
    </ClInclude>
    <ClInclude Include="resources\dataresource.h">
      <Filter>Header Files</Filter>
    </ClInclude>
    <ClInclude Include="resources\resource.h">
      <Filter>Header Files</Filter>
    </ClInclude>
    <ClInclude Include="resources\sresmanager.h">
      <Filter>Header Files</Filter>
    </ClInclude>
    <ClInclude Include="resources\textureresource.h">
      <Filter>Header Files</Filter>
    </ClInclude>
  </ItemGroup>
</Project>